
Microsoft Visual Studio Solution File, Format Version 12.00
# Visual Studio Version 17
VisualStudioVersion = 17.0.31903.59
MinimumVisualStudioVersion = 10.0.40219.1
Project("{9A19103F-16F7-4668-BE54-9A1E7A4F7556}") = "List of tasks", "eve 3\List of tasks.csproj", "{42A6D6AA-B171-4B78-A2E9-38E4A1A30764}"
EndProject
Project("{9A19103F-16F7-4668-BE54-9A1E7A4F7556}") = "Task_1", "Task_1\Task_1.csproj", "{B999A606-3B77-48D7-AEA8-65C8D31F1CDC}"
EndProject
Project("{9A19103F-16F7-4668-BE54-9A1E7A4F7556}") = "Task_2", "Task_2\Task_2.csproj", "{78CB1380-665A-47A7-9323-85A5AD2072C8}"
EndProject
Project("{9A19103F-16F7-4668-BE54-9A1E7A4F7556}") = "Task_3", "Task3\Task_3.csproj", "{756DF10C-6ACF-4F84-ADD5-4559FFC8EFFE}"
EndProject
Project("{9A19103F-16F7-4668-BE54-9A1E7A4F7556}") = "Task_4", "Task_4\Task_4.csproj", "{50399147-F87E-41F1-9042-82DA05996D7E}"
EndProject
Project("{9A19103F-16F7-4668-BE54-9A1E7A4F7556}") = "Task_5", "Task_5\Task_5.csproj", "{D0EFF483-95B9-4404-80A0-CDEF37B7914A}"
EndProject
Project("{9A19103F-16F7-4668-BE54-9A1E7A4F7556}") = "Task_6", "Task_6\Task_6.csproj", "{B9D05C4F-5D0C-4548-83A6-134F5DCE7303}"
EndProject
Project("{9A19103F-16F7-4668-BE54-9A1E7A4F7556}") = "Task_7", "Task_7\Task_7.csproj", "{3CA8D2F5-3504-4178-BD17-2FD161F00700}"
EndProject
Project("{9A19103F-16F7-4668-BE54-9A1E7A4F7556}") = "Task_8", "Task_8\Task_8.csproj", "{9A427FCE-8CBD-4521-82E1-90DA79D9BBE4}"
EndProject
Project("{9A19103F-16F7-4668-BE54-9A1E7A4F7556}") = "Task_9", "Task_9\Task_9.csproj", "{3DC37754-9128-4549-BFFE-642EFE137D27}"
EndProject
Project("{9A19103F-16F7-4668-BE54-9A1E7A4F7556}") = "Task_10", "Task_10\Task_10.csproj", "{482E98FD-96D2-4F8C-A799-8CED97583670}"
EndProject
Project("{9A19103F-16F7-4668-BE54-9A1E7A4F7556}") = "Task_11", "Task_11\Task_11.csproj", "{4F33176B-90CD-42EE-9D5E-4DF90C330F06}"
EndProject
Project("{9A19103F-16F7-4668-BE54-9A1E7A4F7556}") = "Task_12", "Task_12\Task_12.csproj", "{A3A3F49A-D775-4EF0-BE4A-C15124B2311B}"
EndProject
Project("{9A19103F-16F7-4668-BE54-9A1E7A4F7556}") = "Task_14", "Task_14\Task_14.csproj", "{DAF31A5F-A311-4C40-B18D-1AC7F10C9143}"
EndProject
Project("{9A19103F-16F7-4668-BE54-9A1E7A4F7556}") = "Task_15", "Task_15\Task_15.csproj", "{D57F3C91-E422-4DBF-B316-7275FB3BB620}"
EndProject
Project("{FAE04EC0-301F-11D3-BF4B-00C04F79EFBC}") = "Task_16", "Task_16\Task_16.csproj", "{4929F20E-96CA-4E7C-8733-4A8A73300612}"
EndProject
Project("{FAE04EC0-301F-11D3-BF4B-00C04F79EFBC}") = "Task_13", "Task_13\Task_13.csproj", "{EC6D6734-EC7B-435A-9D02-12CD7223D750}"
EndProject
Global
	GlobalSection(SolutionConfigurationPlatforms) = preSolution
		Debug|Any CPU = Debug|Any CPU
		Release|Any CPU = Release|Any CPU
	EndGlobalSection
	GlobalSection(ProjectConfigurationPlatforms) = postSolution
		{42A6D6AA-B171-4B78-A2E9-38E4A1A30764}.Debug|Any CPU.ActiveCfg = Debug|Any CPU
		{42A6D6AA-B171-4B78-A2E9-38E4A1A30764}.Debug|Any CPU.Build.0 = Debug|Any CPU
		{42A6D6AA-B171-4B78-A2E9-38E4A1A30764}.Release|Any CPU.ActiveCfg = Release|Any CPU
		{42A6D6AA-B171-4B78-A2E9-38E4A1A30764}.Release|Any CPU.Build.0 = Release|Any CPU
		{B999A606-3B77-48D7-AEA8-65C8D31F1CDC}.Debug|Any CPU.ActiveCfg = Debug|Any CPU
		{B999A606-3B77-48D7-AEA8-65C8D31F1CDC}.Debug|Any CPU.Build.0 = Debug|Any CPU
		{B999A606-3B77-48D7-AEA8-65C8D31F1CDC}.Release|Any CPU.ActiveCfg = Release|Any CPU
		{B999A606-3B77-48D7-AEA8-65C8D31F1CDC}.Release|Any CPU.Build.0 = Release|Any CPU
		{78CB1380-665A-47A7-9323-85A5AD2072C8}.Debug|Any CPU.ActiveCfg = Debug|Any CPU
		{78CB1380-665A-47A7-9323-85A5AD2072C8}.Debug|Any CPU.Build.0 = Debug|Any CPU
		{78CB1380-665A-47A7-9323-85A5AD2072C8}.Release|Any CPU.ActiveCfg = Release|Any CPU
		{78CB1380-665A-47A7-9323-85A5AD2072C8}.Release|Any CPU.Build.0 = Release|Any CPU
		{756DF10C-6ACF-4F84-ADD5-4559FFC8EFFE}.Debug|Any CPU.ActiveCfg = Debug|Any CPU
		{756DF10C-6ACF-4F84-ADD5-4559FFC8EFFE}.Debug|Any CPU.Build.0 = Debug|Any CPU
		{756DF10C-6ACF-4F84-ADD5-4559FFC8EFFE}.Release|Any CPU.ActiveCfg = Release|Any CPU
		{756DF10C-6ACF-4F84-ADD5-4559FFC8EFFE}.Release|Any CPU.Build.0 = Release|Any CPU
		{50399147-F87E-41F1-9042-82DA05996D7E}.Debug|Any CPU.ActiveCfg = Debug|Any CPU
		{50399147-F87E-41F1-9042-82DA05996D7E}.Debug|Any CPU.Build.0 = Debug|Any CPU
		{50399147-F87E-41F1-9042-82DA05996D7E}.Release|Any CPU.ActiveCfg = Release|Any CPU
		{50399147-F87E-41F1-9042-82DA05996D7E}.Release|Any CPU.Build.0 = Release|Any CPU
		{D0EFF483-95B9-4404-80A0-CDEF37B7914A}.Debug|Any CPU.ActiveCfg = Debug|Any CPU
		{D0EFF483-95B9-4404-80A0-CDEF37B7914A}.Debug|Any CPU.Build.0 = Debug|Any CPU
		{D0EFF483-95B9-4404-80A0-CDEF37B7914A}.Release|Any CPU.ActiveCfg = Release|Any CPU
		{D0EFF483-95B9-4404-80A0-CDEF37B7914A}.Release|Any CPU.Build.0 = Release|Any CPU
		{B9D05C4F-5D0C-4548-83A6-134F5DCE7303}.Debug|Any CPU.ActiveCfg = Debug|Any CPU
		{B9D05C4F-5D0C-4548-83A6-134F5DCE7303}.Debug|Any CPU.Build.0 = Debug|Any CPU
		{B9D05C4F-5D0C-4548-83A6-134F5DCE7303}.Release|Any CPU.ActiveCfg = Release|Any CPU
		{B9D05C4F-5D0C-4548-83A6-134F5DCE7303}.Release|Any CPU.Build.0 = Release|Any CPU
		{3CA8D2F5-3504-4178-BD17-2FD161F00700}.Debug|Any CPU.ActiveCfg = Debug|Any CPU
		{3CA8D2F5-3504-4178-BD17-2FD161F00700}.Debug|Any CPU.Build.0 = Debug|Any CPU
		{3CA8D2F5-3504-4178-BD17-2FD161F00700}.Release|Any CPU.ActiveCfg = Release|Any CPU
		{3CA8D2F5-3504-4178-BD17-2FD161F00700}.Release|Any CPU.Build.0 = Release|Any CPU
		{9A427FCE-8CBD-4521-82E1-90DA79D9BBE4}.Debug|Any CPU.ActiveCfg = Debug|Any CPU
		{9A427FCE-8CBD-4521-82E1-90DA79D9BBE4}.Debug|Any CPU.Build.0 = Debug|Any CPU
		{9A427FCE-8CBD-4521-82E1-90DA79D9BBE4}.Release|Any CPU.ActiveCfg = Release|Any CPU
		{9A427FCE-8CBD-4521-82E1-90DA79D9BBE4}.Release|Any CPU.Build.0 = Release|Any CPU
		{3DC37754-9128-4549-BFFE-642EFE137D27}.Debug|Any CPU.ActiveCfg = Debug|Any CPU
		{3DC37754-9128-4549-BFFE-642EFE137D27}.Debug|Any CPU.Build.0 = Debug|Any CPU
		{3DC37754-9128-4549-BFFE-642EFE137D27}.Release|Any CPU.ActiveCfg = Release|Any CPU
		{3DC37754-9128-4549-BFFE-642EFE137D27}.Release|Any CPU.Build.0 = Release|Any CPU
		{482E98FD-96D2-4F8C-A799-8CED97583670}.Debug|Any CPU.ActiveCfg = Debug|Any CPU
		{482E98FD-96D2-4F8C-A799-8CED97583670}.Debug|Any CPU.Build.0 = Debug|Any CPU
		{482E98FD-96D2-4F8C-A799-8CED97583670}.Release|Any CPU.ActiveCfg = Release|Any CPU
		{482E98FD-96D2-4F8C-A799-8CED97583670}.Release|Any CPU.Build.0 = Release|Any CPU
		{4F33176B-90CD-42EE-9D5E-4DF90C330F06}.Debug|Any CPU.ActiveCfg = Debug|Any CPU
		{4F33176B-90CD-42EE-9D5E-4DF90C330F06}.Debug|Any CPU.Build.0 = Debug|Any CPU
		{4F33176B-90CD-42EE-9D5E-4DF90C330F06}.Release|Any CPU.ActiveCfg = Release|Any CPU
		{4F33176B-90CD-42EE-9D5E-4DF90C330F06}.Release|Any CPU.Build.0 = Release|Any CPU
		{A3A3F49A-D775-4EF0-BE4A-C15124B2311B}.Debug|Any CPU.ActiveCfg = Debug|Any CPU
		{A3A3F49A-D775-4EF0-BE4A-C15124B2311B}.Debug|Any CPU.Build.0 = Debug|Any CPU
		{A3A3F49A-D775-4EF0-BE4A-C15124B2311B}.Release|Any CPU.ActiveCfg = Release|Any CPU
		{A3A3F49A-D775-4EF0-BE4A-C15124B2311B}.Release|Any CPU.Build.0 = Release|Any CPU
		{DAF31A5F-A311-4C40-B18D-1AC7F10C9143}.Debug|Any CPU.ActiveCfg = Debug|Any CPU
		{DAF31A5F-A311-4C40-B18D-1AC7F10C9143}.Debug|Any CPU.Build.0 = Debug|Any CPU
		{DAF31A5F-A311-4C40-B18D-1AC7F10C9143}.Release|Any CPU.ActiveCfg = Release|Any CPU
		{DAF31A5F-A311-4C40-B18D-1AC7F10C9143}.Release|Any CPU.Build.0 = Release|Any CPU
		{D57F3C91-E422-4DBF-B316-7275FB3BB620}.Debug|Any CPU.ActiveCfg = Debug|Any CPU
		{D57F3C91-E422-4DBF-B316-7275FB3BB620}.Debug|Any CPU.Build.0 = Debug|Any CPU
		{D57F3C91-E422-4DBF-B316-7275FB3BB620}.Release|Any CPU.ActiveCfg = Release|Any CPU
		{D57F3C91-E422-4DBF-B316-7275FB3BB620}.Release|Any CPU.Build.0 = Release|Any CPU
		{4929F20E-96CA-4E7C-8733-4A8A73300612}.Debug|Any CPU.ActiveCfg = Debug|Any CPU
		{4929F20E-96CA-4E7C-8733-4A8A73300612}.Debug|Any CPU.Build.0 = Debug|Any CPU
		{4929F20E-96CA-4E7C-8733-4A8A73300612}.Release|Any CPU.ActiveCfg = Release|Any CPU
		{4929F20E-96CA-4E7C-8733-4A8A73300612}.Release|Any CPU.Build.0 = Release|Any CPU
		{EC6D6734-EC7B-435A-9D02-12CD7223D750}.Debug|Any CPU.ActiveCfg = Debug|Any CPU
		{EC6D6734-EC7B-435A-9D02-12CD7223D750}.Debug|Any CPU.Build.0 = Debug|Any CPU
		{EC6D6734-EC7B-435A-9D02-12CD7223D750}.Release|Any CPU.ActiveCfg = Release|Any CPU
		{EC6D6734-EC7B-435A-9D02-12CD7223D750}.Release|Any CPU.Build.0 = Release|Any CPU
	EndGlobalSection
	GlobalSection(SolutionProperties) = preSolution
		HideSolutionNode = FALSE
	EndGlobalSection
	GlobalSection(ExtensibilityGlobals) = postSolution
		SolutionGuid = {5B3F605B-9315-4010-92C9-936E10AD92DA}
	EndGlobalSection
EndGlobal
